// !$*UTF8*$!
{
	archiveVersion = 1;
	classes = {
	};
	objectVersion = 51;
	objects = {

/* Begin PBXBuildFile section */
		A572DE9823EA8CCE00C16FBA /* AppDelegate.swift in Sources */ = {isa = PBXBuildFile; fileRef = A572DE9723EA8CCE00C16FBA /* AppDelegate.swift */; };
		A572DE9A23EA8CCE00C16FBA /* ViewController.swift in Sources */ = {isa = PBXBuildFile; fileRef = A572DE9923EA8CCE00C16FBA /* ViewController.swift */; };
		A572DE9D23EA8CCE00C16FBA /* Main.storyboard in Resources */ = {isa = PBXBuildFile; fileRef = A572DE9B23EA8CCE00C16FBA /* Main.storyboard */; };
		A572DE9F23EA8CCF00C16FBA /* Assets.xcassets in Resources */ = {isa = PBXBuildFile; fileRef = A572DE9E23EA8CCF00C16FBA /* Assets.xcassets */; };
		A572DEA223EA8CCF00C16FBA /* LaunchScreen.storyboard in Resources */ = {isa = PBXBuildFile; fileRef = A572DEA023EA8CCF00C16FBA /* LaunchScreen.storyboard */; };
		A592057223EA9A9300B76AB0 /* NearX.framework in Frameworks */ = {isa = PBXBuildFile; fileRef = A592057123EA9A9300B76AB0 /* NearX.framework */; };
		B898CFCAE0D26B6F5AA35EFE /* Pods_NearX_Demo_App.framework in Frameworks */ = {isa = PBXBuildFile; fileRef = C6099C90EB6F729B6E16CA3C /* Pods_NearX_Demo_App.framework */; };
/* End PBXBuildFile section */

/* Begin PBXFileReference section */
		A572DE9423EA8CCE00C16FBA /* NearX Demo App.app */ = {isa = PBXFileReference; explicitFileType = wrapper.application; includeInIndex = 0; path = "NearX Demo App.app"; sourceTree = BUILT_PRODUCTS_DIR; };
		A572DE9723EA8CCE00C16FBA /* AppDelegate.swift */ = {isa = PBXFileReference; lastKnownFileType = sourcecode.swift; path = AppDelegate.swift; sourceTree = "<group>"; };
		A572DE9923EA8CCE00C16FBA /* ViewController.swift */ = {isa = PBXFileReference; lastKnownFileType = sourcecode.swift; path = ViewController.swift; sourceTree = "<group>"; };
		A572DE9C23EA8CCE00C16FBA /* Base */ = {isa = PBXFileReference; lastKnownFileType = file.storyboard; name = Base; path = Base.lproj/Main.storyboard; sourceTree = "<group>"; };
		A572DE9E23EA8CCF00C16FBA /* Assets.xcassets */ = {isa = PBXFileReference; lastKnownFileType = folder.assetcatalog; path = Assets.xcassets; sourceTree = "<group>"; };
		A572DEA123EA8CCF00C16FBA /* Base */ = {isa = PBXFileReference; lastKnownFileType = file.storyboard; name = Base; path = Base.lproj/LaunchScreen.storyboard; sourceTree = "<group>"; };
		A572DEA323EA8CCF00C16FBA /* Info.plist */ = {isa = PBXFileReference; lastKnownFileType = text.plist.xml; path = Info.plist; sourceTree = "<group>"; };
		A592057123EA9A9300B76AB0 /* NearX.framework */ = {isa = PBXFileReference; explicitFileType = wrapper.framework; path = NearX.framework; sourceTree = BUILT_PRODUCTS_DIR; };
		C6099C90EB6F729B6E16CA3C /* Pods_NearX_Demo_App.framework */ = {isa = PBXFileReference; explicitFileType = wrapper.framework; includeInIndex = 0; path = Pods_NearX_Demo_App.framework; sourceTree = BUILT_PRODUCTS_DIR; };
		F9CD3AF12195E6CA50B3F657 /* Pods-NearX Demo App.release.xcconfig */ = {isa = PBXFileReference; includeInIndex = 1; lastKnownFileType = text.xcconfig; name = "Pods-NearX Demo App.release.xcconfig"; path = "Target Support Files/Pods-NearX Demo App/Pods-NearX Demo App.release.xcconfig"; sourceTree = "<group>"; };
		FB6445B87F5C9BFEDB076CDF /* Pods-NearX Demo App.debug.xcconfig */ = {isa = PBXFileReference; includeInIndex = 1; lastKnownFileType = text.xcconfig; name = "Pods-NearX Demo App.debug.xcconfig"; path = "Target Support Files/Pods-NearX Demo App/Pods-NearX Demo App.debug.xcconfig"; sourceTree = "<group>"; };
/* End PBXFileReference section */

/* Begin PBXFrameworksBuildPhase section */
		A572DE9123EA8CCE00C16FBA /* Frameworks */ = {
			isa = PBXFrameworksBuildPhase;
			buildActionMask = 2147483647;
			files = (
				A592057223EA9A9300B76AB0 /* NearX.framework in Frameworks */,
				B898CFCAE0D26B6F5AA35EFE /* Pods_NearX_Demo_App.framework in Frameworks */,
			);
			runOnlyForDeploymentPostprocessing = 0;
		};
/* End PBXFrameworksBuildPhase section */

/* Begin PBXGroup section */
		238EC5AEF890284F6B3762C7 /* Frameworks */ = {
			isa = PBXGroup;
			children = (
				A592057123EA9A9300B76AB0 /* NearX.framework */,
				C6099C90EB6F729B6E16CA3C /* Pods_NearX_Demo_App.framework */,
			);
			name = Frameworks;
			sourceTree = "<group>";
		};
		8BC5C4F4BC0CA3BEF7B2AD39 /* Pods */ = {
			isa = PBXGroup;
			children = (
				FB6445B87F5C9BFEDB076CDF /* Pods-NearX Demo App.debug.xcconfig */,
				F9CD3AF12195E6CA50B3F657 /* Pods-NearX Demo App.release.xcconfig */,
			);
			path = Pods;
			sourceTree = "<group>";
		};
		A572DE8B23EA8CCE00C16FBA = {
			isa = PBXGroup;
			children = (
				A572DE9623EA8CCE00C16FBA /* NearX Demo App */,
				A572DE9523EA8CCE00C16FBA /* Products */,
				8BC5C4F4BC0CA3BEF7B2AD39 /* Pods */,
				238EC5AEF890284F6B3762C7 /* Frameworks */,
			);
			sourceTree = "<group>";
		};
		A572DE9523EA8CCE00C16FBA /* Products */ = {
			isa = PBXGroup;
			children = (
				A572DE9423EA8CCE00C16FBA /* NearX Demo App.app */,
			);
			name = Products;
			sourceTree = "<group>";
		};
		A572DE9623EA8CCE00C16FBA /* NearX Demo App */ = {
			isa = PBXGroup;
			children = (
				A572DE9723EA8CCE00C16FBA /* AppDelegate.swift */,
				A572DE9923EA8CCE00C16FBA /* ViewController.swift */,
				A572DE9B23EA8CCE00C16FBA /* Main.storyboard */,
				A572DE9E23EA8CCF00C16FBA /* Assets.xcassets */,
				A572DEA023EA8CCF00C16FBA /* LaunchScreen.storyboard */,
				A572DEA323EA8CCF00C16FBA /* Info.plist */,
			);
			path = "NearX Demo App";
			sourceTree = "<group>";
		};
/* End PBXGroup section */

/* Begin PBXNativeTarget section */
		A572DE9323EA8CCE00C16FBA /* NearX Demo App */ = {
			isa = PBXNativeTarget;
			buildConfigurationList = A572DEA623EA8CCF00C16FBA /* Build configuration list for PBXNativeTarget "NearX Demo App" */;
			buildPhases = (
				46B84CF765E9D6EBC82273E1 /* [CP] Check Pods Manifest.lock */,
				A572DE9023EA8CCE00C16FBA /* Sources */,
				A572DE9123EA8CCE00C16FBA /* Frameworks */,
				A572DE9223EA8CCE00C16FBA /* Resources */,
				592182806297822B6C180FF2 /* [CP] Embed Pods Frameworks */,
			);
			buildRules = (
			);
			dependencies = (
			);
			name = "NearX Demo App";
			productName = "NearX Demo App";
			productReference = A572DE9423EA8CCE00C16FBA /* NearX Demo App.app */;
			productType = "com.apple.product-type.application";
		};
/* End PBXNativeTarget section */

/* Begin PBXProject section */
		A572DE8C23EA8CCE00C16FBA /* Project object */ = {
			isa = PBXProject;
			attributes = {
				LastSwiftUpdateCheck = 1010;
				LastUpgradeCheck = 1010;
				ORGANIZATIONNAME = "First Walkin Technologies";
				TargetAttributes = {
					A572DE9323EA8CCE00C16FBA = {
						CreatedOnToolsVersion = 10.1;
					};
				};
			};
			buildConfigurationList = A572DE8F23EA8CCE00C16FBA /* Build configuration list for PBXProject "NearX Demo App" */;
			compatibilityVersion = "Xcode 9.3";
			developmentRegion = en;
			hasScannedForEncodings = 0;
			knownRegions = (
				en,
				Base,
			);
			mainGroup = A572DE8B23EA8CCE00C16FBA;
			productRefGroup = A572DE9523EA8CCE00C16FBA /* Products */;
			projectDirPath = "";
			projectRoot = "";
			targets = (
				A572DE9323EA8CCE00C16FBA /* NearX Demo App */,
			);
		};
/* End PBXProject section */

/* Begin PBXResourcesBuildPhase section */
		A572DE9223EA8CCE00C16FBA /* Resources */ = {
			isa = PBXResourcesBuildPhase;
			buildActionMask = 2147483647;
			files = (
				A572DEA223EA8CCF00C16FBA /* LaunchScreen.storyboard in Resources */,
				A572DE9F23EA8CCF00C16FBA /* Assets.xcassets in Resources */,
				A572DE9D23EA8CCE00C16FBA /* Main.storyboard in Resources */,
			);
			runOnlyForDeploymentPostprocessing = 0;
		};
/* End PBXResourcesBuildPhase section */

/* Begin PBXShellScriptBuildPhase section */
		46B84CF765E9D6EBC82273E1 /* [CP] Check Pods Manifest.lock */ = {
			isa = PBXShellScriptBuildPhase;
			buildActionMask = 2147483647;
			files = (
			);
			inputFileListPaths = (
			);
			inputPaths = (
				"${PODS_PODFILE_DIR_PATH}/Podfile.lock",
				"${PODS_ROOT}/Manifest.lock",
			);
			name = "[CP] Check Pods Manifest.lock";
			outputFileListPaths = (
			);
			outputPaths = (
				"$(DERIVED_FILE_DIR)/Pods-NearX Demo App-checkManifestLockResult.txt",
			);
			runOnlyForDeploymentPostprocessing = 0;
			shellPath = /bin/sh;
			shellScript = "diff \"${PODS_PODFILE_DIR_PATH}/Podfile.lock\" \"${PODS_ROOT}/Manifest.lock\" > /dev/null\nif [ $? != 0 ] ; then\n    # print error to STDERR\n    echo \"error: The sandbox is not in sync with the Podfile.lock. Run 'pod install' or update your CocoaPods installation.\" >&2\n    exit 1\nfi\n# This output is used by Xcode 'outputs' to avoid re-running this script phase.\necho \"SUCCESS\" > \"${SCRIPT_OUTPUT_FILE_0}\"\n";
			showEnvVarsInLog = 0;
		};
		592182806297822B6C180FF2 /* [CP] Embed Pods Frameworks */ = {
			isa = PBXShellScriptBuildPhase;
			buildActionMask = 2147483647;
			files = (
			);
			inputFileListPaths = (
				"${PODS_ROOT}/Target Support Files/Pods-NearX Demo App/Pods-NearX Demo App-frameworks-${CONFIGURATION}-input-files.xcfilelist",
			);
			name = "[CP] Embed Pods Frameworks";
			outputFileListPaths = (
				"${PODS_ROOT}/Target Support Files/Pods-NearX Demo App/Pods-NearX Demo App-frameworks-${CONFIGURATION}-output-files.xcfilelist",
			);
			runOnlyForDeploymentPostprocessing = 0;
			shellPath = /bin/sh;
			shellScript = "\"${PODS_ROOT}/Target Support Files/Pods-NearX Demo App/Pods-NearX Demo App-frameworks.sh\"\n";
			showEnvVarsInLog = 0;
		};
/* End PBXShellScriptBuildPhase section */

/* Begin PBXSourcesBuildPhase section */
		A572DE9023EA8CCE00C16FBA /* Sources */ = {
			isa = PBXSourcesBuildPhase;
			buildActionMask = 2147483647;
			files = (
				A572DE9A23EA8CCE00C16FBA /* ViewController.swift in Sources */,
				A572DE9823EA8CCE00C16FBA /* AppDelegate.swift in Sources */,
			);
			runOnlyForDeploymentPostprocessing = 0;
		};
/* End PBXSourcesBuildPhase section */

/* Begin PBXVariantGroup section */
		A572DE9B23EA8CCE00C16FBA /* Main.storyboard */ = {
			isa = PBXVariantGroup;
			children = (
				A572DE9C23EA8CCE00C16FBA /* Base */,
			);
			name = Main.storyboard;
			sourceTree = "<group>";
		};
		A572DEA023EA8CCF00C16FBA /* LaunchScreen.storyboard */ = {
			isa = PBXVariantGroup;
			children = (
				A572DEA123EA8CCF00C16FBA /* Base */,
			);
			name = LaunchScreen.storyboard;
			sourceTree = "<group>";
		};
/* End PBXVariantGroup section */

/* Begin XCBuildConfiguration section */
		A572DEA423EA8CCF00C16FBA /* Debug */ = {
			isa = XCBuildConfiguration;
			buildSettings = {
				ALWAYS_SEARCH_USER_PATHS = NO;
				CLANG_ANALYZER_NONNULL = YES;
				CLANG_ANALYZER_NUMBER_OBJECT_CONVERSION = YES_AGGRESSIVE;
				CLANG_CXX_LANGUAGE_STANDARD = "gnu++14";
				CLANG_CXX_LIBRARY = "libc++";
				CLANG_ENABLE_MODULES = YES;
				CLANG_ENABLE_OBJC_ARC = YES;
				CLANG_ENABLE_OBJC_WEAK = YES;
				CLANG_WARN_BLOCK_CAPTURE_AUTORELEASING = YES;
				CLANG_WARN_BOOL_CONVERSION = YES;
				CLANG_WARN_COMMA = YES;
				CLANG_WARN_CONSTANT_CONVERSION = YES;
				CLANG_WARN_DEPRECATED_OBJC_IMPLEMENTATIONS = YES;
				CLANG_WARN_DIRECT_OBJC_ISA_USAGE = YES_ERROR;
				CLANG_WARN_DOCUMENTATION_COMMENTS = YES;
				CLANG_WARN_EMPTY_BODY = YES;
				CLANG_WARN_ENUM_CONVERSION = YES;
				CLANG_WARN_INFINITE_RECURSION = YES;
				CLANG_WARN_INT_CONVERSION = YES;
				CLANG_WARN_NON_LITERAL_NULL_CONVERSION = YES;
				CLANG_WARN_OBJC_IMPLICIT_RETAIN_SELF = YES;
				CLANG_WARN_OBJC_LITERAL_CONVERSION = YES;
				CLANG_WARN_OBJC_ROOT_CLASS = YES_ERROR;
				CLANG_WARN_RANGE_LOOP_ANALYSIS = YES;
				CLANG_WARN_STRICT_PROTOTYPES = YES;
				CLANG_WARN_SUSPICIOUS_MOVE = YES;
				CLANG_WARN_UNGUARDED_AVAILABILITY = YES_AGGRESSIVE;
				CLANG_WARN_UNREACHABLE_CODE = YES;
				CLANG_WARN__DUPLICATE_METHOD_MATCH = YES;
				CODE_SIGN_IDENTITY = "iPhone Developer";
				COPY_PHASE_STRIP = NO;
				DEBUG_INFORMATION_FORMAT = dwarf;
				ENABLE_STRICT_OBJC_MSGSEND = YES;
				ENABLE_TESTABILITY = YES;
				GCC_C_LANGUAGE_STANDARD = gnu11;
				GCC_DYNAMIC_NO_PIC = NO;
				GCC_NO_COMMON_BLOCKS = YES;
				GCC_OPTIMIZATION_LEVEL = 0;
				GCC_PREPROCESSOR_DEFINITIONS = (
					"DEBUG=1",
					"$(inherited)",
				);
				GCC_WARN_64_TO_32_BIT_CONVERSION = YES;
				GCC_WARN_ABOUT_RETURN_TYPE = YES_ERROR;
				GCC_WARN_UNDECLARED_SELECTOR = YES;
				GCC_WARN_UNINITIALIZED_AUTOS = YES_AGGRESSIVE;
				GCC_WARN_UNUSED_FUNCTION = YES;
				GCC_WARN_UNUSED_VARIABLE = YES;
				IPHONEOS_DEPLOYMENT_TARGET = 12.1;
				MTL_ENABLE_DEBUG_INFO = INCLUDE_SOURCE;
				MTL_FAST_MATH = YES;
				ONLY_ACTIVE_ARCH = YES;
				SDKROOT = iphoneos;
				SWIFT_ACTIVE_COMPILATION_CONDITIONS = DEBUG;
				SWIFT_OPTIMIZATION_LEVEL = "-Onone";
			};
			name = Debug;
		};
		A572DEA523EA8CCF00C16FBA /* Release */ = {
			isa = XCBuildConfiguration;
			buildSettings = {
				ALWAYS_SEARCH_USER_PATHS = NO;
				CLANG_ANALYZER_NONNULL = YES;
				CLANG_ANALYZER_NUMBER_OBJECT_CONVERSION = YES_AGGRESSIVE;
				CLANG_CXX_LANGUAGE_STANDARD = "gnu++14";
				CLANG_CXX_LIBRARY = "libc++";
				CLANG_ENABLE_MODULES = YES;
				CLANG_ENABLE_OBJC_ARC = YES;
				CLANG_ENABLE_OBJC_WEAK = YES;
				CLANG_WARN_BLOCK_CAPTURE_AUTORELEASING = YES;
				CLANG_WARN_BOOL_CONVERSION = YES;
				CLANG_WARN_COMMA = YES;
				CLANG_WARN_CONSTANT_CONVERSION = YES;
				CLANG_WARN_DEPRECATED_OBJC_IMPLEMENTATIONS = YES;
				CLANG_WARN_DIRECT_OBJC_ISA_USAGE = YES_ERROR;
				CLANG_WARN_DOCUMENTATION_COMMENTS = YES;
				CLANG_WARN_EMPTY_BODY = YES;
				CLANG_WARN_ENUM_CONVERSION = YES;
				CLANG_WARN_INFINITE_RECURSION = YES;
				CLANG_WARN_INT_CONVERSION = YES;
				CLANG_WARN_NON_LITERAL_NULL_CONVERSION = YES;
				CLANG_WARN_OBJC_IMPLICIT_RETAIN_SELF = YES;
				CLANG_WARN_OBJC_LITERAL_CONVERSION = YES;
				CLANG_WARN_OBJC_ROOT_CLASS = YES_ERROR;
				CLANG_WARN_RANGE_LOOP_ANALYSIS = YES;
				CLANG_WARN_STRICT_PROTOTYPES = YES;
				CLANG_WARN_SUSPICIOUS_MOVE = YES;
				CLANG_WARN_UNGUARDED_AVAILABILITY = YES_AGGRESSIVE;
				CLANG_WARN_UNREACHABLE_CODE = YES;
				CLANG_WARN__DUPLICATE_METHOD_MATCH = YES;
				CODE_SIGN_IDENTITY = "iPhone Developer";
				COPY_PHASE_STRIP = NO;
				DEBUG_INFORMATION_FORMAT = "dwarf-with-dsym";
				ENABLE_NS_ASSERTIONS = NO;
				ENABLE_STRICT_OBJC_MSGSEND = YES;
				GCC_C_LANGUAGE_STANDARD = gnu11;
				GCC_NO_COMMON_BLOCKS = YES;
				GCC_WARN_64_TO_32_BIT_CONVERSION = YES;
				GCC_WARN_ABOUT_RETURN_TYPE = YES_ERROR;
				GCC_WARN_UNDECLARED_SELECTOR = YES;
				GCC_WARN_UNINITIALIZED_AUTOS = YES_AGGRESSIVE;
				GCC_WARN_UNUSED_FUNCTION = YES;
				GCC_WARN_UNUSED_VARIABLE = YES;
				IPHONEOS_DEPLOYMENT_TARGET = 12.1;
				MTL_ENABLE_DEBUG_INFO = NO;
				MTL_FAST_MATH = YES;
				SDKROOT = iphoneos;
				SWIFT_COMPILATION_MODE = wholemodule;
				SWIFT_OPTIMIZATION_LEVEL = "-O";
				VALIDATE_PRODUCT = YES;
			};
			name = Release;
		};
		A572DEA723EA8CCF00C16FBA /* Debug */ = {
			isa = XCBuildConfiguration;
			baseConfigurationReference = FB6445B87F5C9BFEDB076CDF /* Pods-NearX Demo App.debug.xcconfig */;
			buildSettings = {
				ASSETCATALOG_COMPILER_APPICON_NAME = AppIcon;
				CODE_SIGN_STYLE = Automatic;
				DEVELOPMENT_TEAM = 42A2RYND49;
				INFOPLIST_FILE = "NearX Demo App/Info.plist";
				IPHONEOS_DEPLOYMENT_TARGET = 11.0;
				LD_RUNPATH_SEARCH_PATHS = (
					"$(inherited)",
					"@executable_path/Frameworks",
				);
				PRODUCT_BUNDLE_IDENTIFIER = "in.walkin.nearx.ios.NearX-Demo-App";
				PRODUCT_NAME = "$(TARGET_NAME)";
				SWIFT_VERSION = 4.2;
				TARGETED_DEVICE_FAMILY = "1,2";
			};
			name = Debug;
		};
		A572DEA823EA8CCF00C16FBA /* Release */ = {
			isa = XCBuildConfiguration;
			baseConfigurationReference = F9CD3AF12195E6CA50B3F657 /* Pods-NearX Demo App.release.xcconfig */;
			buildSettings = {
				ASSETCATALOG_COMPILER_APPICON_NAME = AppIcon;
				CODE_SIGN_STYLE = Automatic;
				DEVELOPMENT_TEAM = 42A2RYND49;
				INFOPLIST_FILE = "NearX Demo App/Info.plist";
				IPHONEOS_DEPLOYMENT_TARGET = 11.0;
				LD_RUNPATH_SEARCH_PATHS = (
					"$(inherited)",
					"@executable_path/Frameworks",
				);
				PRODUCT_BUNDLE_IDENTIFIER = "in.walkin.nearx.ios.NearX-Demo-App";
				PRODUCT_NAME = "$(TARGET_NAME)";
				SWIFT_VERSION = 4.2;
				TARGETED_DEVICE_FAMILY = "1,2";
			};
			name = Release;
		};
/* End XCBuildConfiguration section */

/* Begin XCConfigurationList section */
		A572DE8F23EA8CCE00C16FBA /* Build configuration list for PBXProject "NearX Demo App" */ = {
			isa = XCConfigurationList;
			buildConfigurations = (
				A572DEA423EA8CCF00C16FBA /* Debug */,
				A572DEA523EA8CCF00C16FBA /* Release */,
			);
			defaultConfigurationIsVisible = 0;
			defaultConfigurationName = Release;
		};
		A572DEA623EA8CCF00C16FBA /* Build configuration list for PBXNativeTarget "NearX Demo App" */ = {
			isa = XCConfigurationList;
			buildConfigurations = (
				A572DEA723EA8CCF00C16FBA /* Debug */,
				A572DEA823EA8CCF00C16FBA /* Release */,
			);
			defaultConfigurationIsVisible = 0;
			defaultConfigurationName = Release;
		};
/* End XCConfigurationList section */
	};
	rootObject = A572DE8C23EA8CCE00C16FBA /* Project object */;
}
